
Microsoft Visual Studio Solution File, Format Version 12.00
# Visual Studio Version 16
VisualStudioVersion = 16.0.31313.79
MinimumVisualStudioVersion = 10.0.40219.1
Project("{F184B08F-C81C-45F6-A57F-5ABD9991F28F}") = "Clase 1", "Clase 1\Clase 1.vbproj", "{D90857A0-183C-49C8-94D9-4D8609D0914E}"
EndProject
Global
	GlobalSection(SolutionConfigurationPlatforms) = preSolution
		Debug|Any CPU = Debug|Any CPU
		Release|Any CPU = Release|Any CPU
	EndGlobalSection
	GlobalSection(ProjectConfigurationPlatforms) = postSolution
		{D90857A0-183C-49C8-94D9-4D8609D0914E}.Debug|Any CPU.ActiveCfg = Debug|Any CPU
		{D90857A0-183C-49C8-94D9-4D8609D0914E}.Debug|Any CPU.Build.0 = Debug|Any CPU
		{D90857A0-183C-49C8-94D9-4D8609D0914E}.Release|Any CPU.ActiveCfg = Release|Any CPU
		{D90857A0-183C-49C8-94D9-4D8609D0914E}.Release|Any CPU.Build.0 = Release|Any CPU
	EndGlobalSection
	GlobalSection(SolutionProperties) = preSolution
		HideSolutionNode = FALSE
	EndGlobalSection
	GlobalSection(ExtensibilityGlobals) = postSolution
		SolutionGuid = {0BA702FD-889A-4A90-924A-83687AAD9FD4}
	EndGlobalSection
EndGlobal
