
Microsoft Visual Studio Solution File, Format Version 12.00
# Visual Studio Version 16
VisualStudioVersion = 16.0.31729.503
MinimumVisualStudioVersion = 10.0.40219.1
Project("{F184B08F-C81C-45F6-A57F-5ABD9991F28F}") = "Ejercicio de Ejemplo", "Ejercicio de Ejemplo\Ejercicio de Ejemplo.vbproj", "{FECAE171-7B93-4BFF-B887-8628416C7FCF}"
EndProject
Project("{F184B08F-C81C-45F6-A57F-5ABD9991F28F}") = "Entidades", "Entidades\Entidades.vbproj", "{88B56FD4-D67F-462D-A8C3-168400EC9533}"
EndProject
Global
	GlobalSection(SolutionConfigurationPlatforms) = preSolution
		Debug|Any CPU = Debug|Any CPU
		Release|Any CPU = Release|Any CPU
	EndGlobalSection
	GlobalSection(ProjectConfigurationPlatforms) = postSolution
		{FECAE171-7B93-4BFF-B887-8628416C7FCF}.Debug|Any CPU.ActiveCfg = Debug|Any CPU
		{FECAE171-7B93-4BFF-B887-8628416C7FCF}.Debug|Any CPU.Build.0 = Debug|Any CPU
		{FECAE171-7B93-4BFF-B887-8628416C7FCF}.Release|Any CPU.ActiveCfg = Release|Any CPU
		{FECAE171-7B93-4BFF-B887-8628416C7FCF}.Release|Any CPU.Build.0 = Release|Any CPU
		{88B56FD4-D67F-462D-A8C3-168400EC9533}.Debug|Any CPU.ActiveCfg = Debug|Any CPU
		{88B56FD4-D67F-462D-A8C3-168400EC9533}.Debug|Any CPU.Build.0 = Debug|Any CPU
		{88B56FD4-D67F-462D-A8C3-168400EC9533}.Release|Any CPU.ActiveCfg = Release|Any CPU
		{88B56FD4-D67F-462D-A8C3-168400EC9533}.Release|Any CPU.Build.0 = Release|Any CPU
	EndGlobalSection
	GlobalSection(SolutionProperties) = preSolution
		HideSolutionNode = FALSE
	EndGlobalSection
	GlobalSection(ExtensibilityGlobals) = postSolution
		SolutionGuid = {05077C1A-34D7-43F9-9265-CA97EC6D200D}
	EndGlobalSection
EndGlobal
